// !$*UTF8*$!
{
	archiveVersion = 1;
	classes = {
	};
	objectVersion = 46;
	objects = {

/* Begin PBXBuildFile section */
		210C80B419D7FB360090A19A /* main.m in Sources */ = {isa = PBXBuildFile; fileRef = 210C80B319D7FB360090A19A /* main.m */; };
		210C80B719D7FB360090A19A /* AppDelegate.m in Sources */ = {isa = PBXBuildFile; fileRef = 210C80B619D7FB360090A19A /* AppDelegate.m */; };
		210C80BF19D7FB360090A19A /* Images.xcassets in Resources */ = {isa = PBXBuildFile; fileRef = 210C80BE19D7FB360090A19A /* Images.xcassets */; };
		210C80C219D7FB360090A19A /* LaunchScreen.xib in Resources */ = {isa = PBXBuildFile; fileRef = 210C80C019D7FB360090A19A /* LaunchScreen.xib */; };
		210C80CE19D7FB360090A19A /* Currency_ConverterTests.m in Sources */ = {isa = PBXBuildFile; fileRef = 210C80CD19D7FB360090A19A /* Currency_ConverterTests.m */; };
		210C80D919D7FEAB0090A19A /* CurrencyConverter.m in Sources */ = {isa = PBXBuildFile; fileRef = 210C80D819D7FEAB0090A19A /* CurrencyConverter.m */; };
		210C80DA19D7FEAB0090A19A /* CurrencyConverter.m in Sources */ = {isa = PBXBuildFile; fileRef = 210C80D819D7FEAB0090A19A /* CurrencyConverter.m */; };
		210C80DE19D7FF590090A19A /* MockRatesRepository.m in Sources */ = {isa = PBXBuildFile; fileRef = 210C80DD19D7FF590090A19A /* MockRatesRepository.m */; };
		210C80DF19D7FF590090A19A /* MockRatesRepository.m in Sources */ = {isa = PBXBuildFile; fileRef = 210C80DD19D7FF590090A19A /* MockRatesRepository.m */; };
		210C80E219D801AD0090A19A /* Currency.m in Sources */ = {isa = PBXBuildFile; fileRef = 210C80E119D801AD0090A19A /* Currency.m */; };
		210C80E319D801AD0090A19A /* Currency.m in Sources */ = {isa = PBXBuildFile; fileRef = 210C80E119D801AD0090A19A /* Currency.m */; };
/* End PBXBuildFile section */

/* Begin PBXContainerItemProxy section */
		210C80C819D7FB360090A19A /* PBXContainerItemProxy */ = {
			isa = PBXContainerItemProxy;
			containerPortal = 210C80A619D7FB360090A19A /* Project object */;
			proxyType = 1;
			remoteGlobalIDString = 210C80AD19D7FB360090A19A;
			remoteInfo = "Currency Converter";
		};
/* End PBXContainerItemProxy section */

/* Begin PBXFileReference section */
		210C80AE19D7FB360090A19A /* Currency Converter.app */ = {isa = PBXFileReference; explicitFileType = wrapper.application; includeInIndex = 0; path = "Currency Converter.app"; sourceTree = BUILT_PRODUCTS_DIR; };
		210C80B219D7FB360090A19A /* Info.plist */ = {isa = PBXFileReference; lastKnownFileType = text.plist.xml; path = Info.plist; sourceTree = "<group>"; };
		210C80B319D7FB360090A19A /* main.m */ = {isa = PBXFileReference; lastKnownFileType = sourcecode.c.objc; path = main.m; sourceTree = "<group>"; };
		210C80B519D7FB360090A19A /* AppDelegate.h */ = {isa = PBXFileReference; lastKnownFileType = sourcecode.c.h; path = AppDelegate.h; sourceTree = "<group>"; };
		210C80B619D7FB360090A19A /* AppDelegate.m */ = {isa = PBXFileReference; lastKnownFileType = sourcecode.c.objc; path = AppDelegate.m; sourceTree = "<group>"; };
		210C80BE19D7FB360090A19A /* Images.xcassets */ = {isa = PBXFileReference; lastKnownFileType = folder.assetcatalog; path = Images.xcassets; sourceTree = "<group>"; };
		210C80C119D7FB360090A19A /* Base */ = {isa = PBXFileReference; lastKnownFileType = file.xib; name = Base; path = Base.lproj/LaunchScreen.xib; sourceTree = "<group>"; };
		210C80C719D7FB360090A19A /* Currency ConverterTests.xctest */ = {isa = PBXFileReference; explicitFileType = wrapper.cfbundle; includeInIndex = 0; path = "Currency ConverterTests.xctest"; sourceTree = BUILT_PRODUCTS_DIR; };
		210C80CC19D7FB360090A19A /* Info.plist */ = {isa = PBXFileReference; lastKnownFileType = text.plist.xml; path = Info.plist; sourceTree = "<group>"; };
		210C80CD19D7FB360090A19A /* Currency_ConverterTests.m */ = {isa = PBXFileReference; lastKnownFileType = sourcecode.c.objc; path = Currency_ConverterTests.m; sourceTree = "<group>"; };
		210C80D719D7FEAB0090A19A /* CurrencyConverter.h */ = {isa = PBXFileReference; fileEncoding = 4; lastKnownFileType = sourcecode.c.h; path = CurrencyConverter.h; sourceTree = "<group>"; };
		210C80D819D7FEAB0090A19A /* CurrencyConverter.m */ = {isa = PBXFileReference; fileEncoding = 4; lastKnownFileType = sourcecode.c.objc; path = CurrencyConverter.m; sourceTree = "<group>"; };
		210C80DB19D7FF170090A19A /* RatesRepository.h */ = {isa = PBXFileReference; fileEncoding = 4; lastKnownFileType = sourcecode.c.h; path = RatesRepository.h; sourceTree = "<group>"; };
		210C80DC19D7FF590090A19A /* MockRatesRepository.h */ = {isa = PBXFileReference; fileEncoding = 4; lastKnownFileType = sourcecode.c.h; path = MockRatesRepository.h; sourceTree = "<group>"; };
		210C80DD19D7FF590090A19A /* MockRatesRepository.m */ = {isa = PBXFileReference; fileEncoding = 4; lastKnownFileType = sourcecode.c.objc; path = MockRatesRepository.m; sourceTree = "<group>"; };
		210C80E019D801AD0090A19A /* Currency.h */ = {isa = PBXFileReference; fileEncoding = 4; lastKnownFileType = sourcecode.c.h; path = Currency.h; sourceTree = "<group>"; };
		210C80E119D801AD0090A19A /* Currency.m */ = {isa = PBXFileReference; fileEncoding = 4; lastKnownFileType = sourcecode.c.objc; path = Currency.m; sourceTree = "<group>"; };
/* End PBXFileReference section */

/* Begin PBXFrameworksBuildPhase section */
		210C80AB19D7FB360090A19A /* Frameworks */ = {
			isa = PBXFrameworksBuildPhase;
			buildActionMask = 2147483647;
			files = (
			);
			runOnlyForDeploymentPostprocessing = 0;
		};
		210C80C419D7FB360090A19A /* Frameworks */ = {
			isa = PBXFrameworksBuildPhase;
			buildActionMask = 2147483647;
			files = (
			);
			runOnlyForDeploymentPostprocessing = 0;
		};
/* End PBXFrameworksBuildPhase section */

/* Begin PBXGroup section */
		210C80A519D7FB360090A19A = {
			isa = PBXGroup;
			children = (
				210C80B019D7FB360090A19A /* Currency Converter */,
				210C80CA19D7FB360090A19A /* Currency ConverterTests */,
				210C80AF19D7FB360090A19A /* Products */,
			);
			sourceTree = "<group>";
		};
		210C80AF19D7FB360090A19A /* Products */ = {
			isa = PBXGroup;
			children = (
				210C80AE19D7FB360090A19A /* Currency Converter.app */,
				210C80C719D7FB360090A19A /* Currency ConverterTests.xctest */,
			);
			name = Products;
			sourceTree = "<group>";
		};
		210C80B019D7FB360090A19A /* Currency Converter */ = {
			isa = PBXGroup;
			children = (
				210C80B519D7FB360090A19A /* AppDelegate.h */,
				210C80B619D7FB360090A19A /* AppDelegate.m */,
				210C80E019D801AD0090A19A /* Currency.h */,
				210C80E119D801AD0090A19A /* Currency.m */,
				210C80D719D7FEAB0090A19A /* CurrencyConverter.h */,
				210C80D819D7FEAB0090A19A /* CurrencyConverter.m */,
				210C80BE19D7FB360090A19A /* Images.xcassets */,
				210C80C019D7FB360090A19A /* LaunchScreen.xib */,
				210C80DC19D7FF590090A19A /* MockRatesRepository.h */,
				210C80DD19D7FF590090A19A /* MockRatesRepository.m */,
				210C80DB19D7FF170090A19A /* RatesRepository.h */,
				210C80B119D7FB360090A19A /* Supporting Files */,
			);
			path = "Currency Converter";
			sourceTree = "<group>";
		};
		210C80B119D7FB360090A19A /* Supporting Files */ = {
			isa = PBXGroup;
			children = (
				210C80B219D7FB360090A19A /* Info.plist */,
				210C80B319D7FB360090A19A /* main.m */,
			);
			name = "Supporting Files";
			sourceTree = "<group>";
		};
		210C80CA19D7FB360090A19A /* Currency ConverterTests */ = {
			isa = PBXGroup;
			children = (
				210C80CD19D7FB360090A19A /* Currency_ConverterTests.m */,
				210C80CB19D7FB360090A19A /* Supporting Files */,
			);
			path = "Currency ConverterTests";
			sourceTree = "<group>";
		};
		210C80CB19D7FB360090A19A /* Supporting Files */ = {
			isa = PBXGroup;
			children = (
				210C80CC19D7FB360090A19A /* Info.plist */,
			);
			name = "Supporting Files";
			sourceTree = "<group>";
		};
/* End PBXGroup section */

/* Begin PBXNativeTarget section */
		210C80AD19D7FB360090A19A /* Currency Converter */ = {
			isa = PBXNativeTarget;
			buildConfigurationList = 210C80D119D7FB360090A19A /* Build configuration list for PBXNativeTarget "Currency Converter" */;
			buildPhases = (
				210C80AA19D7FB360090A19A /* Sources */,
				210C80AB19D7FB360090A19A /* Frameworks */,
				210C80AC19D7FB360090A19A /* Resources */,
			);
			buildRules = (
			);
			dependencies = (
			);
			name = "Currency Converter";
			productName = "Currency Converter";
			productReference = 210C80AE19D7FB360090A19A /* Currency Converter.app */;
			productType = "com.apple.product-type.application";
		};
		210C80C619D7FB360090A19A /* Currency ConverterTests */ = {
			isa = PBXNativeTarget;
			buildConfigurationList = 210C80D419D7FB360090A19A /* Build configuration list for PBXNativeTarget "Currency ConverterTests" */;
			buildPhases = (
				210C80C319D7FB360090A19A /* Sources */,
				210C80C419D7FB360090A19A /* Frameworks */,
				210C80C519D7FB360090A19A /* Resources */,
			);
			buildRules = (
			);
			dependencies = (
				210C80C919D7FB360090A19A /* PBXTargetDependency */,
			);
			name = "Currency ConverterTests";
			productName = "Currency ConverterTests";
			productReference = 210C80C719D7FB360090A19A /* Currency ConverterTests.xctest */;
			productType = "com.apple.product-type.bundle.unit-test";
		};
/* End PBXNativeTarget section */

/* Begin PBXProject section */
		210C80A619D7FB360090A19A /* Project object */ = {
			isa = PBXProject;
			attributes = {
				LastUpgradeCheck = 0600;
				ORGANIZATIONNAME = "Springa Ltd.";
				TargetAttributes = {
					210C80AD19D7FB360090A19A = {
						CreatedOnToolsVersion = 6.0.1;
						DevelopmentTeam = NB2DGKP9TX;
					};
					210C80C619D7FB360090A19A = {
						CreatedOnToolsVersion = 6.0.1;
						TestTargetID = 210C80AD19D7FB360090A19A;
					};
				};
			};
			buildConfigurationList = 210C80A919D7FB360090A19A /* Build configuration list for PBXProject "Currency Converter" */;
			compatibilityVersion = "Xcode 3.2";
			developmentRegion = English;
			hasScannedForEncodings = 0;
			knownRegions = (
				en,
				Base,
			);
			mainGroup = 210C80A519D7FB360090A19A;
			productRefGroup = 210C80AF19D7FB360090A19A /* Products */;
			projectDirPath = "";
			projectRoot = "";
			targets = (
				210C80AD19D7FB360090A19A /* Currency Converter */,
				210C80C619D7FB360090A19A /* Currency ConverterTests */,
			);
		};
/* End PBXProject section */

/* Begin PBXResourcesBuildPhase section */
		210C80AC19D7FB360090A19A /* Resources */ = {
			isa = PBXResourcesBuildPhase;
			buildActionMask = 2147483647;
			files = (
				210C80C219D7FB360090A19A /* LaunchScreen.xib in Resources */,
				210C80BF19D7FB360090A19A /* Images.xcassets in Resources */,
			);
			runOnlyForDeploymentPostprocessing = 0;
		};
		210C80C519D7FB360090A19A /* Resources */ = {
			isa = PBXResourcesBuildPhase;
			buildActionMask = 2147483647;
			files = (
			);
			runOnlyForDeploymentPostprocessing = 0;
		};
/* End PBXResourcesBuildPhase section */

/* Begin PBXSourcesBuildPhase section */
		210C80AA19D7FB360090A19A /* Sources */ = {
			isa = PBXSourcesBuildPhase;
			buildActionMask = 2147483647;
			files = (
				210C80DE19D7FF590090A19A /* MockRatesRepository.m in Sources */,
				210C80E219D801AD0090A19A /* Currency.m in Sources */,
				210C80D919D7FEAB0090A19A /* CurrencyConverter.m in Sources */,
				210C80B719D7FB360090A19A /* AppDelegate.m in Sources */,
				210C80B419D7FB360090A19A /* main.m in Sources */,
			);
			runOnlyForDeploymentPostprocessing = 0;
		};
		210C80C319D7FB360090A19A /* Sources */ = {
			isa = PBXSourcesBuildPhase;
			buildActionMask = 2147483647;
			files = (
				210C80E319D801AD0090A19A /* Currency.m in Sources */,
				210C80CE19D7FB360090A19A /* Currency_ConverterTests.m in Sources */,
				210C80DF19D7FF590090A19A /* MockRatesRepository.m in Sources */,
				210C80DA19D7FEAB0090A19A /* CurrencyConverter.m in Sources */,
			);
			runOnlyForDeploymentPostprocessing = 0;
		};
/* End PBXSourcesBuildPhase section */

/* Begin PBXTargetDependency section */
		210C80C919D7FB360090A19A /* PBXTargetDependency */ = {
			isa = PBXTargetDependency;
			target = 210C80AD19D7FB360090A19A /* Currency Converter */;
			targetProxy = 210C80C819D7FB360090A19A /* PBXContainerItemProxy */;
		};
/* End PBXTargetDependency section */

/* Begin PBXVariantGroup section */
		210C80C019D7FB360090A19A /* LaunchScreen.xib */ = {
			isa = PBXVariantGroup;
			children = (
				210C80C119D7FB360090A19A /* Base */,
			);
			name = LaunchScreen.xib;
			sourceTree = "<group>";
		};
/* End PBXVariantGroup section */

/* Begin XCBuildConfiguration section */
		210C80CF19D7FB360090A19A /* Debug */ = {
			isa = XCBuildConfiguration;
			buildSettings = {
				ALWAYS_SEARCH_USER_PATHS = NO;
				CLANG_CXX_LANGUAGE_STANDARD = "gnu++0x";
				CLANG_CXX_LIBRARY = "libc++";
				CLANG_ENABLE_MODULES = YES;
				CLANG_ENABLE_OBJC_ARC = YES;
				CLANG_WARN_BOOL_CONVERSION = YES;
				CLANG_WARN_CONSTANT_CONVERSION = YES;
				CLANG_WARN_DIRECT_OBJC_ISA_USAGE = YES_ERROR;
				CLANG_WARN_EMPTY_BODY = YES;
				CLANG_WARN_ENUM_CONVERSION = YES;
				CLANG_WARN_INT_CONVERSION = YES;
				CLANG_WARN_OBJC_ROOT_CLASS = YES_ERROR;
				CLANG_WARN_UNREACHABLE_CODE = YES;
				CLANG_WARN__DUPLICATE_METHOD_MATCH = YES;
				"CODE_SIGN_IDENTITY[sdk=iphoneos*]" = "iPhone Developer";
				COPY_PHASE_STRIP = NO;
				ENABLE_STRICT_OBJC_MSGSEND = YES;
				GCC_C_LANGUAGE_STANDARD = gnu99;
				GCC_DYNAMIC_NO_PIC = NO;
				GCC_OPTIMIZATION_LEVEL = 0;
				GCC_PREPROCESSOR_DEFINITIONS = (
					"DEBUG=1",
					"$(inherited)",
				);
				GCC_SYMBOLS_PRIVATE_EXTERN = NO;
				GCC_WARN_64_TO_32_BIT_CONVERSION = YES;
				GCC_WARN_ABOUT_RETURN_TYPE = YES_ERROR;
				GCC_WARN_UNDECLARED_SELECTOR = YES;
				GCC_WARN_UNINITIALIZED_AUTOS = YES_AGGRESSIVE;
				GCC_WARN_UNUSED_FUNCTION = YES;
				GCC_WARN_UNUSED_VARIABLE = YES;
				IPHONEOS_DEPLOYMENT_TARGET = 8.0;
				MTL_ENABLE_DEBUG_INFO = YES;
				ONLY_ACTIVE_ARCH = YES;
				SDKROOT = iphoneos;
			};
			name = Debug;
		};
		210C80D019D7FB360090A19A /* Release */ = {
			isa = XCBuildConfiguration;
			buildSettings = {
				ALWAYS_SEARCH_USER_PATHS = NO;
				CLANG_CXX_LANGUAGE_STANDARD = "gnu++0x";
				CLANG_CXX_LIBRARY = "libc++";
				CLANG_ENABLE_MODULES = YES;
				CLANG_ENABLE_OBJC_ARC = YES;
				CLANG_WARN_BOOL_CONVERSION = YES;
				CLANG_WARN_CONSTANT_CONVERSION = YES;
				CLANG_WARN_DIRECT_OBJC_ISA_USAGE = YES_ERROR;
				CLANG_WARN_EMPTY_BODY = YES;
				CLANG_WARN_ENUM_CONVERSION = YES;
				CLANG_WARN_INT_CONVERSION = YES;
				CLANG_WARN_OBJC_ROOT_CLASS = YES_ERROR;
				CLANG_WARN_UNREACHABLE_CODE = YES;
				CLANG_WARN__DUPLICATE_METHOD_MATCH = YES;
				"CODE_SIGN_IDENTITY[sdk=iphoneos*]" = "iPhone Developer";
				COPY_PHASE_STRIP = YES;
				ENABLE_NS_ASSERTIONS = NO;
				ENABLE_STRICT_OBJC_MSGSEND = YES;
				GCC_C_LANGUAGE_STANDARD = gnu99;
				GCC_WARN_64_TO_32_BIT_CONVERSION = YES;
				GCC_WARN_ABOUT_RETURN_TYPE = YES_ERROR;
				GCC_WARN_UNDECLARED_SELECTOR = YES;
				GCC_WARN_UNINITIALIZED_AUTOS = YES_AGGRESSIVE;
				GCC_WARN_UNUSED_FUNCTION = YES;
				GCC_WARN_UNUSED_VARIABLE = YES;
				IPHONEOS_DEPLOYMENT_TARGET = 8.0;
				MTL_ENABLE_DEBUG_INFO = NO;
				SDKROOT = iphoneos;
				VALIDATE_PRODUCT = YES;
			};
			name = Release;
		};
		210C80D219D7FB360090A19A /* Debug */ = {
			isa = XCBuildConfiguration;
			buildSettings = {
				ASSETCATALOG_COMPILER_APPICON_NAME = AppIcon;
				CODE_SIGN_IDENTITY = "iPhone Developer";
				"CODE_SIGN_IDENTITY[sdk=iphoneos*]" = "iPhone Developer";
				INFOPLIST_FILE = "Currency Converter/Info.plist";
				IPHONEOS_DEPLOYMENT_TARGET = 7.0;
				LD_RUNPATH_SEARCH_PATHS = "$(inherited) @executable_path/Frameworks";
				PRODUCT_NAME = "$(TARGET_NAME)";
				PROVISIONING_PROFILE = "";
			};
			name = Debug;
		};
		210C80D319D7FB360090A19A /* Release */ = {
			isa = XCBuildConfiguration;
			buildSettings = {
				ASSETCATALOG_COMPILER_APPICON_NAME = AppIcon;
				CODE_SIGN_IDENTITY = "iPhone Developer";
				"CODE_SIGN_IDENTITY[sdk=iphoneos*]" = "iPhone Developer";
				INFOPLIST_FILE = "Currency Converter/Info.plist";
				IPHONEOS_DEPLOYMENT_TARGET = 7.0;
				LD_RUNPATH_SEARCH_PATHS = "$(inherited) @executable_path/Frameworks";
				PRODUCT_NAME = "$(TARGET_NAME)";
				PROVISIONING_PROFILE = "";
			};
			name = Release;
		};
		210C80D519D7FB360090A19A /* Debug */ = {
			isa = XCBuildConfiguration;
			buildSettings = {
				BUNDLE_LOADER = "$(TEST_HOST)";
				FRAMEWORK_SEARCH_PATHS = (
					"$(SDKROOT)/Developer/Library/Frameworks",
					"$(inherited)",
				);
				GCC_PREPROCESSOR_DEFINITIONS = (
					"DEBUG=1",
					"$(inherited)",
				);
				INFOPLIST_FILE = "Currency ConverterTests/Info.plist";
				LD_RUNPATH_SEARCH_PATHS = "$(inherited) @executable_path/Frameworks @loader_path/Frameworks";
				PRODUCT_NAME = "$(TARGET_NAME)";
				TEST_HOST = "$(BUILT_PRODUCTS_DIR)/Currency Converter.app/Currency Converter";
			};
			name = Debug;
		};
		210C80D619D7FB360090A19A /* Release */ = {
			isa = XCBuildConfiguration;
			buildSettings = {
				BUNDLE_LOADER = "$(TEST_HOST)";
				FRAMEWORK_SEARCH_PATHS = (
					"$(SDKROOT)/Developer/Library/Frameworks",
					"$(inherited)",
				);
				INFOPLIST_FILE = "Currency ConverterTests/Info.plist";
				LD_RUNPATH_SEARCH_PATHS = "$(inherited) @executable_path/Frameworks @loader_path/Frameworks";
				PRODUCT_NAME = "$(TARGET_NAME)";
				TEST_HOST = "$(BUILT_PRODUCTS_DIR)/Currency Converter.app/Currency Converter";
			};
			name = Release;
		};
/* End XCBuildConfiguration section */

/* Begin XCConfigurationList section */
		210C80A919D7FB360090A19A /* Build configuration list for PBXProject "Currency Converter" */ = {
			isa = XCConfigurationList;
			buildConfigurations = (
				210C80CF19D7FB360090A19A /* Debug */,
				210C80D019D7FB360090A19A /* Release */,
			);
			defaultConfigurationIsVisible = 0;
			defaultConfigurationName = Release;
		};
		210C80D119D7FB360090A19A /* Build configuration list for PBXNativeTarget "Currency Converter" */ = {
			isa = XCConfigurationList;
			buildConfigurations = (
				210C80D219D7FB360090A19A /* Debug */,
				210C80D319D7FB360090A19A /* Release */,
			);
			defaultConfigurationIsVisible = 0;
			defaultConfigurationName = Release;
		};
		210C80D419D7FB360090A19A /* Build configuration list for PBXNativeTarget "Currency ConverterTests" */ = {
			isa = XCConfigurationList;
			buildConfigurations = (
				210C80D519D7FB360090A19A /* Debug */,
				210C80D619D7FB360090A19A /* Release */,
			);
			defaultConfigurationIsVisible = 0;
			defaultConfigurationName = Release;
		};
/* End XCConfigurationList section */
	};
	rootObject = 210C80A619D7FB360090A19A /* Project object */;
}
